{
  "name": "vite-plugin-mkcert",
  "version": "1.3.2",
  "lockfileVersion": 2,
  "requires": true,
  "packages": {
    "": {
      "name": "vite-plugin-mkcert",
      "version": "1.3.2",
      "license": "MIT",
      "dependencies": {
        "@octokit/rest": "^18.6.6",
        "axios": "^0.21.1",
        "chalk": "^4.1.1",
        "debug": "^4.3.1",
        "lodash.defaultsdeep": "^4.6.1"
      },
      "devDependencies": {
        "@types/lodash.defaultsdeep": "^4.6.6",
        "rimraf": "^3.0.2",
        "typescript": "^4.3.5"
      }
    },
    "../../node_modules/.pnpm/registry.nlark.com+@octokit+rest@18.6.6/node_modules/@octokit/rest": {
      "version": "18.6.6",
      "integrity": "sha512-kCLvz8MSh+KToXySdqUp80caBom1ZQmsX3gbT3osfbJy6fD86QObUjzAOD3D3Awz3X7ng24+lB+imvSr5EnM7g==",
      "dependencies": {
        "@octokit/core": "^3.5.0",
        "@octokit/plugin-paginate-rest": "^2.6.2",
        "@octokit/plugin-request-log": "^1.0.2",
        "@octokit/plugin-rest-endpoint-methods": "5.3.7"
      },
      "devDependencies": {
        "@octokit/auth": "^3.0.1",
        "@octokit/fixtures-server": "^6.0.11",
        "@octokit/request": "^5.2.0",
        "@pika/pack": "^0.5.0",
        "@pika/plugin-build-node": "^0.9.2",
        "@pika/plugin-build-web": "^0.9.2",
        "@pika/plugin-ts-standard-pkg": "^0.9.2",
        "@types/jest": "^26.0.0",
        "@types/node": "^14.0.1",
        "fetch-mock": "^9.0.0",
        "jest": "^27.0.1",
        "prettier": "2.3.2",
        "semantic-release": "^17.0.0",
        "semantic-release-plugin-update-version-in-files": "^1.0.0",
        "ts-jest": "^27.0.1",
        "typescript": "^4.0.0"
      }
    },
    "../../node_modules/.pnpm/registry.nlark.com+axios@0.21.1_debug@4.3.1/node_modules/axios": {
      "version": "0.21.1",
      "integrity": "sha512-dKQiRHxGD9PPRIUNIWvZhPTPpl1rf/OxTYKsqKUDjBwYylTvV7SjSHJb9ratfyzM6wCdLCOYLzs73qpg5c4iGA==",
      "dependencies": {
        "follow-redirects": "^1.10.0"
      },
      "devDependencies": {
        "bundlesize": "^0.17.0",
        "coveralls": "^3.0.0",
        "es6-promise": "^4.2.4",
        "grunt": "^1.0.2",
        "grunt-banner": "^0.6.0",
        "grunt-cli": "^1.2.0",
        "grunt-contrib-clean": "^1.1.0",
        "grunt-contrib-watch": "^1.0.0",
        "grunt-eslint": "^20.1.0",
        "grunt-karma": "^2.0.0",
        "grunt-mocha-test": "^0.13.3",
        "grunt-ts": "^6.0.0-beta.19",
        "grunt-webpack": "^1.0.18",
        "istanbul-instrumenter-loader": "^1.0.0",
        "jasmine-core": "^2.4.1",
        "karma": "^1.3.0",
        "karma-chrome-launcher": "^2.2.0",
        "karma-coverage": "^1.1.1",
        "karma-firefox-launcher": "^1.1.0",
        "karma-jasmine": "^1.1.1",
        "karma-jasmine-ajax": "^0.1.13",
        "karma-opera-launcher": "^1.0.0",
        "karma-safari-launcher": "^1.0.0",
        "karma-sauce-launcher": "^1.2.0",
        "karma-sinon": "^1.0.5",
        "karma-sourcemap-loader": "^0.3.7",
        "karma-webpack": "^1.7.0",
        "load-grunt-tasks": "^3.5.2",
        "minimist": "^1.2.0",
        "mocha": "^5.2.0",
        "sinon": "^4.5.0",
        "typescript": "^2.8.1",
        "url-search-params": "^0.10.0",
        "webpack": "^1.13.1",
        "webpack-dev-server": "^1.14.1"
      }
    },
    "../../node_modules/.pnpm/registry.nlark.com+chalk@4.1.1/node_modules/chalk": {
      "version": "4.1.1",
      "integrity": "sha512-diHzdDKxcU+bAsUboHLPEDQiw0qEe0qd7SYUn3HgcFlWgbDcfLGswOHYeGrHKzG9z6UYf01d9VFMfZxPM1xZSg==",
      "dependencies": {
        "ansi-styles": "^4.1.0",
        "supports-color": "^7.1.0"
      },
      "devDependencies": {
        "ava": "^2.4.0",
        "coveralls": "^3.0.7",
        "execa": "^4.0.0",
        "import-fresh": "^3.1.0",
        "matcha": "^0.7.0",
        "nyc": "^15.0.0",
        "resolve-from": "^5.0.0",
        "tsd": "^0.7.4",
        "xo": "^0.28.2"
      },
      "engines": {
        "node": ">=10"
      },
      "funding": {
        "url": "https://github.com/chalk/chalk?sponsor=1"
      }
    },
    "../../node_modules/.pnpm/registry.nlark.com+debug@4.3.1/node_modules/debug": {
      "version": "4.3.1",
      "integrity": "sha512-doEwdvm4PCeK4K3RQN2ZC2BYUBaxwLARCqZmMjtF8a51J2Rb0xpVloFRnCODwqjpwnAoao4pelN8l3RJdv3gRQ==",
      "dependencies": {
        "ms": "2.1.2"
      },
      "devDependencies": {
        "brfs": "^2.0.1",
        "browserify": "^16.2.3",
        "coveralls": "^3.0.2",
        "istanbul": "^0.4.5",
        "karma": "^3.1.4",
        "karma-browserify": "^6.0.0",
        "karma-chrome-launcher": "^2.2.0",
        "karma-mocha": "^1.3.0",
        "mocha": "^5.2.0",
        "mocha-lcov-reporter": "^1.2.0",
        "xo": "^0.23.0"
      },
      "engines": {
        "node": ">=6.0"
      },
      "peerDependenciesMeta": {
        "supports-color": {
          "optional": true
        }
      }
    },
    "../../node_modules/.pnpm/registry.nlark.com+lodash.defaultsdeep@4.6.1/node_modules/lodash.defaultsdeep": {
      "version": "4.6.1",
      "integrity": "sha512-3j8wdDzYuWO3lM3Reg03MuQR957t287Rpcxp1njpEa8oDrikb+FwGdW3n+FELh/A6qib6yPit0j/pv9G/yeAqA=="
    },
    "../../node_modules/.pnpm/registry.nlark.com+rimraf@3.0.2/node_modules/rimraf": {
      "version": "3.0.2",
      "integrity": "sha512-JZkJMZkAGFFPP2YqXZXPbMlMBgsxzE8ILs4lMIX/2o0L9UBw9O/Y3o6wFw/i9YLapcUJWwqbi3kdxIPdC62TIA==",
      "dev": true,
      "dependencies": {
        "glob": "^7.1.3"
      },
      "bin": {
        "rimraf": "bin.js"
      },
      "devDependencies": {
        "mkdirp": "^0.5.1",
        "tap": "^12.1.1"
      },
      "funding": {
        "url": "https://github.com/sponsors/isaacs"
      }
    },
    "../../node_modules/.pnpm/registry.nlark.com+typescript@4.3.5/node_modules/typescript": {
      "version": "4.3.5",
      "integrity": "sha512-DqQgihaQ9cUrskJo9kIyW/+g0Vxsk8cDtZ52a3NGh0YNTfpUSArXSohyUGnvbPazEPLu398C0UxmKSOrPumUzA==",
      "dev": true,
      "bin": {
        "tsc": "bin/tsc",
        "tsserver": "bin/tsserver"
      },
      "devDependencies": {
        "@octokit/rest": "latest",
        "@types/browserify": "latest",
        "@types/chai": "latest",
        "@types/convert-source-map": "latest",
        "@types/glob": "latest",
        "@types/gulp": "^4.0.5",
        "@types/gulp-concat": "latest",
        "@types/gulp-newer": "latest",
        "@types/gulp-rename": "0.0.33",
        "@types/gulp-sourcemaps": "0.0.32",
        "@types/jake": "latest",
        "@types/merge2": "latest",
        "@types/microsoft__typescript-etw": "latest",
        "@types/minimatch": "latest",
        "@types/minimist": "latest",
        "@types/mkdirp": "latest",
        "@types/mocha": "latest",
        "@types/ms": "latest",
        "@types/node": "latest",
        "@types/node-fetch": "^2.3.4",
        "@types/q": "latest",
        "@types/source-map-support": "latest",
        "@types/through2": "latest",
        "@types/xml2js": "^0.4.0",
        "@typescript-eslint/eslint-plugin": "^4.19.0",
        "@typescript-eslint/experimental-utils": "^4.19.0",
        "@typescript-eslint/parser": "^4.19.0",
        "async": "latest",
        "azure-devops-node-api": "^10.1.0",
        "browser-resolve": "^1.11.2",
        "browserify": "latest",
        "chai": "latest",
        "chalk": "latest",
        "convert-source-map": "latest",
        "del": "5.1.0",
        "diff": "^4.0.2",
        "eslint": "7.12.1",
        "eslint-formatter-autolinkable-stylish": "1.1.4",
        "eslint-plugin-import": "2.22.1",
        "eslint-plugin-jsdoc": "30.7.6",
        "eslint-plugin-no-null": "1.0.2",
        "fancy-log": "latest",
        "fs-extra": "^9.0.0",
        "glob": "latest",
        "gulp": "^4.0.0",
        "gulp-concat": "latest",
        "gulp-insert": "latest",
        "gulp-newer": "latest",
        "gulp-rename": "latest",
        "gulp-sourcemaps": "latest",
        "istanbul": "latest",
        "merge2": "latest",
        "minimist": "latest",
        "mkdirp": "latest",
        "mocha": "latest",
        "mocha-fivemat-progress-reporter": "latest",
        "ms": "latest",
        "node-fetch": "^2.6.0",
        "plugin-error": "latest",
        "pretty-hrtime": "^1.0.3",
        "prex": "^0.4.3",
        "q": "latest",
        "remove-internal": "^2.9.2",
        "source-map-support": "latest",
        "through2": "latest",
        "typescript": "^4.2.3",
        "vinyl": "latest",
        "vinyl-sourcemaps-apply": "latest",
        "xml2js": "^0.4.19"
      },
      "engines": {
        "node": ">=4.2.0"
      }
    },
    "node_modules/@octokit/rest": {
      "resolved": "../../node_modules/.pnpm/registry.nlark.com+@octokit+rest@18.6.6/node_modules/@octokit/rest",
      "link": true
    },
    "node_modules/@types/lodash": {
      "version": "4.14.171",
      "resolved": "https://registry.npmjs.org/@types/lodash/-/lodash-4.14.171.tgz",
      "integrity": "sha512-7eQ2xYLLI/LsicL2nejW9Wyko3lcpN6O/z0ZLHrEQsg280zIdCv1t/0m6UtBjUHokCGBQ3gYTbHzDkZ1xOBwwg==",
      "dev": true
    },
    "node_modules/@types/lodash.defaultsdeep": {
      "version": "4.6.6",
      "resolved": "https://registry.npmjs.org/@types/lodash.defaultsdeep/-/lodash.defaultsdeep-4.6.6.tgz",
      "integrity": "sha512-k3bXTg1/54Obm6uFEtSwvDm2vCyK9jSROv0V9X3gFFNPu7eKmvqqadPSXx0SkVVixSilR30BxhFlnIj8OavXOA==",
      "dev": true,
      "dependencies": {
        "@types/lodash": "*"
      }
    },
    "node_modules/axios": {
      "resolved": "../../node_modules/.pnpm/registry.nlark.com+axios@0.21.1_debug@4.3.1/node_modules/axios",
      "link": true
    },
    "node_modules/chalk": {
      "resolved": "../../node_modules/.pnpm/registry.nlark.com+chalk@4.1.1/node_modules/chalk",
      "link": true
    },
    "node_modules/debug": {
      "resolved": "../../node_modules/.pnpm/registry.nlark.com+debug@4.3.1/node_modules/debug",
      "link": true
    },
    "node_modules/lodash.defaultsdeep": {
      "resolved": "../../node_modules/.pnpm/registry.nlark.com+lodash.defaultsdeep@4.6.1/node_modules/lodash.defaultsdeep",
      "link": true
    },
    "node_modules/rimraf": {
      "resolved": "../../node_modules/.pnpm/registry.nlark.com+rimraf@3.0.2/node_modules/rimraf",
      "link": true
    },
    "node_modules/typescript": {
      "resolved": "../../node_modules/.pnpm/registry.nlark.com+typescript@4.3.5/node_modules/typescript",
      "link": true
    }
  },
  "dependencies": {
    "@octokit/rest": {
      "version": "file:../../node_modules/.pnpm/registry.nlark.com+@octokit+rest@18.6.6/node_modules/@octokit/rest",
      "requires": {
        "@octokit/auth": "^3.0.1",
        "@octokit/core": "^3.5.0",
        "@octokit/fixtures-server": "^6.0.11",
        "@octokit/plugin-paginate-rest": "^2.6.2",
        "@octokit/plugin-request-log": "^1.0.2",
        "@octokit/plugin-rest-endpoint-methods": "5.3.7",
        "@octokit/request": "^5.2.0",
        "@pika/pack": "^0.5.0",
        "@pika/plugin-build-node": "^0.9.2",
        "@pika/plugin-build-web": "^0.9.2",
        "@pika/plugin-ts-standard-pkg": "^0.9.2",
        "@types/jest": "^26.0.0",
        "@types/node": "^14.0.1",
        "fetch-mock": "^9.0.0",
        "jest": "^27.0.1",
        "prettier": "2.3.2",
        "semantic-release": "^17.0.0",
        "semantic-release-plugin-update-version-in-files": "^1.0.0",
        "ts-jest": "^27.0.1",
        "typescript": "^4.0.0"
      }
    },
    "@types/lodash": {
      "version": "4.14.171",
      "resolved": "https://registry.npmjs.org/@types/lodash/-/lodash-4.14.171.tgz",
      "integrity": "sha512-7eQ2xYLLI/LsicL2nejW9Wyko3lcpN6O/z0ZLHrEQsg280zIdCv1t/0m6UtBjUHokCGBQ3gYTbHzDkZ1xOBwwg==",
      "dev": true
    },
    "@types/lodash.defaultsdeep": {
      "version": "4.6.6",
      "resolved": "https://registry.npmjs.org/@types/lodash.defaultsdeep/-/lodash.defaultsdeep-4.6.6.tgz",
      "integrity": "sha512-k3bXTg1/54Obm6uFEtSwvDm2vCyK9jSROv0V9X3gFFNPu7eKmvqqadPSXx0SkVVixSilR30BxhFlnIj8OavXOA==",
      "dev": true,
      "requires": {
        "@types/lodash": "*"
      }
    },
    "axios": {
      "version": "file:../../node_modules/.pnpm/registry.nlark.com+axios@0.21.1_debug@4.3.1/node_modules/axios",
      "requires": {
        "bundlesize": "^0.17.0",
        "coveralls": "^3.0.0",
        "es6-promise": "^4.2.4",
        "follow-redirects": "^1.10.0",
        "grunt": "^1.0.2",
        "grunt-banner": "^0.6.0",
        "grunt-cli": "^1.2.0",
        "grunt-contrib-clean": "^1.1.0",
        "grunt-contrib-watch": "^1.0.0",
        "grunt-eslint": "^20.1.0",
        "grunt-karma": "^2.0.0",
        "grunt-mocha-test": "^0.13.3",
        "grunt-ts": "^6.0.0-beta.19",
        "grunt-webpack": "^1.0.18",
        "istanbul-instrumenter-loader": "^1.0.0",
        "jasmine-core": "^2.4.1",
        "karma": "^1.3.0",
        "karma-chrome-launcher": "^2.2.0",
        "karma-coverage": "^1.1.1",
        "karma-firefox-launcher": "^1.1.0",
        "karma-jasmine": "^1.1.1",
        "karma-jasmine-ajax": "^0.1.13",
        "karma-opera-launcher": "^1.0.0",
        "karma-safari-launcher": "^1.0.0",
        "karma-sauce-launcher": "^1.2.0",
        "karma-sinon": "^1.0.5",
        "karma-sourcemap-loader": "^0.3.7",
        "karma-webpack": "^1.7.0",
        "load-grunt-tasks": "^3.5.2",
        "minimist": "^1.2.0",
        "mocha": "^5.2.0",
        "sinon": "^4.5.0",
        "typescript": "^2.8.1",
        "url-search-params": "^0.10.0",
        "webpack": "^1.13.1",
        "webpack-dev-server": "^1.14.1"
      }
    },
    "chalk": {
      "version": "file:../../node_modules/.pnpm/registry.nlark.com+chalk@4.1.1/node_modules/chalk",
      "requires": {
        "ansi-styles": "^4.1.0",
        "ava": "^2.4.0",
        "coveralls": "^3.0.7",
        "execa": "^4.0.0",
        "import-fresh": "^3.1.0",
        "matcha": "^0.7.0",
        "nyc": "^15.0.0",
        "resolve-from": "^5.0.0",
        "supports-color": "^7.1.0",
        "tsd": "^0.7.4",
        "xo": "^0.28.2"
      }
    },
    "debug": {
      "version": "file:../../node_modules/.pnpm/registry.nlark.com+debug@4.3.1/node_modules/debug",
      "requires": {
        "brfs": "^2.0.1",
        "browserify": "^16.2.3",
        "coveralls": "^3.0.2",
        "istanbul": "^0.4.5",
        "karma": "^3.1.4",
        "karma-browserify": "^6.0.0",
        "karma-chrome-launcher": "^2.2.0",
        "karma-mocha": "^1.3.0",
        "mocha": "^5.2.0",
        "mocha-lcov-reporter": "^1.2.0",
        "ms": "2.1.2",
        "xo": "^0.23.0"
      }
    },
    "lodash.defaultsdeep": {
      "version": "file:../../node_modules/.pnpm/registry.nlark.com+lodash.defaultsdeep@4.6.1/node_modules/lodash.defaultsdeep"
    },
    "rimraf": {
      "version": "file:../../node_modules/.pnpm/registry.nlark.com+rimraf@3.0.2/node_modules/rimraf",
      "requires": {
        "glob": "^7.1.3",
        "mkdirp": "^0.5.1",
        "tap": "^12.1.1"
      }
    },
    "typescript": {
      "version": "file:../../node_modules/.pnpm/registry.nlark.com+typescript@4.3.5/node_modules/typescript",
      "requires": {
        "@octokit/rest": "latest",
        "@types/browserify": "latest",
        "@types/chai": "latest",
        "@types/convert-source-map": "latest",
        "@types/glob": "latest",
        "@types/gulp": "^4.0.5",
        "@types/gulp-concat": "latest",
        "@types/gulp-newer": "latest",
        "@types/gulp-rename": "0.0.33",
        "@types/gulp-sourcemaps": "0.0.32",
        "@types/jake": "latest",
        "@types/merge2": "latest",
        "@types/microsoft__typescript-etw": "latest",
        "@types/minimatch": "latest",
        "@types/minimist": "latest",
        "@types/mkdirp": "latest",
        "@types/mocha": "latest",
        "@types/ms": "latest",
        "@types/node": "latest",
        "@types/node-fetch": "^2.3.4",
        "@types/q": "latest",
        "@types/source-map-support": "latest",
        "@types/through2": "latest",
        "@types/xml2js": "^0.4.0",
        "@typescript-eslint/eslint-plugin": "^4.19.0",
        "@typescript-eslint/experimental-utils": "^4.19.0",
        "@typescript-eslint/parser": "^4.19.0",
        "async": "latest",
        "azure-devops-node-api": "^10.1.0",
        "browser-resolve": "^1.11.2",
        "browserify": "latest",
        "chai": "latest",
        "chalk": "latest",
        "convert-source-map": "latest",
        "del": "5.1.0",
        "diff": "^4.0.2",
        "eslint": "7.12.1",
        "eslint-formatter-autolinkable-stylish": "1.1.4",
        "eslint-plugin-import": "2.22.1",
        "eslint-plugin-jsdoc": "30.7.6",
        "eslint-plugin-no-null": "1.0.2",
        "fancy-log": "latest",
        "fs-extra": "^9.0.0",
        "glob": "latest",
        "gulp": "^4.0.0",
        "gulp-concat": "latest",
        "gulp-insert": "latest",
        "gulp-newer": "latest",
        "gulp-rename": "latest",
        "gulp-sourcemaps": "latest",
        "istanbul": "latest",
        "merge2": "latest",
        "minimist": "latest",
        "mkdirp": "latest",
        "mocha": "latest",
        "mocha-fivemat-progress-reporter": "latest",
        "ms": "latest",
        "node-fetch": "^2.6.0",
        "plugin-error": "latest",
        "pretty-hrtime": "^1.0.3",
        "prex": "^0.4.3",
        "q": "latest",
        "remove-internal": "^2.9.2",
        "source-map-support": "latest",
        "through2": "latest",
        "typescript": "^4.2.3",
        "vinyl": "latest",
        "vinyl-sourcemaps-apply": "latest",
        "xml2js": "^0.4.19"
      }
    }
  }
}
